
Microsoft Visual Studio Solution File, Format Version 12.00
# Visual Studio Version 16
VisualStudioVersion = 16.0.30611.23
MinimumVisualStudioVersion = 10.0.40219.1
Project("{9A19103F-16F7-4668-BE54-9A1E7A4F7556}") = "Homework_1", "Homework_1.csproj", "{E97CF63D-A078-4FA2-AADE-FA7B65CF548B}"
EndProject
Project("{9A19103F-16F7-4668-BE54-9A1E7A4F7556}") = "MyLibrary", "..\MyLibrary\MyLibrary.csproj", "{45FE2892-B43C-46E5-955D-ABFD39BC91D6}"
EndProject
Project("{2150E333-8FDC-42A3-9474-1A3956D46DE8}") = "Solution Items", "Solution Items", "{61EE51AD-224B-4102-B7C4-74BD9E1C5694}"
	ProjectSection(SolutionItems) = preProject
		.editorconfig = .editorconfig
	EndProjectSection
EndProject
Global
	GlobalSection(SolutionConfigurationPlatforms) = preSolution
		Debug|Any CPU = Debug|Any CPU
		Release|Any CPU = Release|Any CPU
	EndGlobalSection
	GlobalSection(ProjectConfigurationPlatforms) = postSolution
		{E97CF63D-A078-4FA2-AADE-FA7B65CF548B}.Debug|Any CPU.ActiveCfg = Debug|Any CPU
		{E97CF63D-A078-4FA2-AADE-FA7B65CF548B}.Debug|Any CPU.Build.0 = Debug|Any CPU
		{E97CF63D-A078-4FA2-AADE-FA7B65CF548B}.Release|Any CPU.ActiveCfg = Release|Any CPU
		{E97CF63D-A078-4FA2-AADE-FA7B65CF548B}.Release|Any CPU.Build.0 = Release|Any CPU
		{45FE2892-B43C-46E5-955D-ABFD39BC91D6}.Debug|Any CPU.ActiveCfg = Debug|Any CPU
		{45FE2892-B43C-46E5-955D-ABFD39BC91D6}.Debug|Any CPU.Build.0 = Debug|Any CPU
		{45FE2892-B43C-46E5-955D-ABFD39BC91D6}.Release|Any CPU.ActiveCfg = Release|Any CPU
		{45FE2892-B43C-46E5-955D-ABFD39BC91D6}.Release|Any CPU.Build.0 = Release|Any CPU
	EndGlobalSection
	GlobalSection(SolutionProperties) = preSolution
		HideSolutionNode = FALSE
	EndGlobalSection
	GlobalSection(ExtensibilityGlobals) = postSolution
		SolutionGuid = {1AFBAA34-B142-4E3C-83D8-D6930999FA71}
	EndGlobalSection
EndGlobal
